// !$*UTF8*$!
{
	archiveVersion = 1;
	classes = {
	};
	objectVersion = 46;
	objects = {

/* Begin PBXBuildFile section */
		D20B02671ABAC62400AD654C /* AppDelegate.m in Sources */ = {isa = PBXBuildFile; fileRef = D20B02661ABAC62400AD654C /* AppDelegate.m */; };
		D20B02691ABAC62400AD654C /* main.m in Sources */ = {isa = PBXBuildFile; fileRef = D20B02681ABAC62400AD654C /* main.m */; };
		D20B026B1ABAC62400AD654C /* Images.xcassets in Resources */ = {isa = PBXBuildFile; fileRef = D20B026A1ABAC62400AD654C /* Images.xcassets */; };
		D20B026E1ABAC62400AD654C /* MainMenu.xib in Resources */ = {isa = PBXBuildFile; fileRef = D20B026C1ABAC62400AD654C /* MainMenu.xib */; };
		D20B027A1ABAC62400AD654C /* CustomSchemeTests.m in Sources */ = {isa = PBXBuildFile; fileRef = D20B02791ABAC62400AD654C /* CustomSchemeTests.m */; };
/* End PBXBuildFile section */

/* Begin PBXContainerItemProxy section */
		D20B02741ABAC62400AD654C /* PBXContainerItemProxy */ = {
			isa = PBXContainerItemProxy;
			containerPortal = D20B02581ABAC62300AD654C /* Project object */;
			proxyType = 1;
			remoteGlobalIDString = D20B025F1ABAC62400AD654C;
			remoteInfo = CustomScheme;
		};
/* End PBXContainerItemProxy section */

/* Begin PBXFileReference section */
		D20B02601ABAC62400AD654C /* CustomScheme.app */ = {isa = PBXFileReference; explicitFileType = wrapper.application; includeInIndex = 0; path = CustomScheme.app; sourceTree = BUILT_PRODUCTS_DIR; };
		D20B02641ABAC62400AD654C /* Info.plist */ = {isa = PBXFileReference; lastKnownFileType = text.plist.xml; path = Info.plist; sourceTree = "<group>"; };
		D20B02651ABAC62400AD654C /* AppDelegate.h */ = {isa = PBXFileReference; lastKnownFileType = sourcecode.c.h; path = AppDelegate.h; sourceTree = "<group>"; };
		D20B02661ABAC62400AD654C /* AppDelegate.m */ = {isa = PBXFileReference; lastKnownFileType = sourcecode.c.objc; path = AppDelegate.m; sourceTree = "<group>"; };
		D20B02681ABAC62400AD654C /* main.m */ = {isa = PBXFileReference; lastKnownFileType = sourcecode.c.objc; path = main.m; sourceTree = "<group>"; };
		D20B026A1ABAC62400AD654C /* Images.xcassets */ = {isa = PBXFileReference; lastKnownFileType = folder.assetcatalog; path = Images.xcassets; sourceTree = "<group>"; };
		D20B026D1ABAC62400AD654C /* Base */ = {isa = PBXFileReference; lastKnownFileType = file.xib; name = Base; path = Base.lproj/MainMenu.xib; sourceTree = "<group>"; };
		D20B02731ABAC62400AD654C /* CustomSchemeTests.xctest */ = {isa = PBXFileReference; explicitFileType = wrapper.cfbundle; includeInIndex = 0; path = CustomSchemeTests.xctest; sourceTree = BUILT_PRODUCTS_DIR; };
		D20B02781ABAC62400AD654C /* Info.plist */ = {isa = PBXFileReference; lastKnownFileType = text.plist.xml; path = Info.plist; sourceTree = "<group>"; };
		D20B02791ABAC62400AD654C /* CustomSchemeTests.m */ = {isa = PBXFileReference; lastKnownFileType = sourcecode.c.objc; path = CustomSchemeTests.m; sourceTree = "<group>"; };
/* End PBXFileReference section */

/* Begin PBXFrameworksBuildPhase section */
		D20B025D1ABAC62400AD654C /* Frameworks */ = {
			isa = PBXFrameworksBuildPhase;
			buildActionMask = 2147483647;
			files = (
			);
			runOnlyForDeploymentPostprocessing = 0;
		};
		D20B02701ABAC62400AD654C /* Frameworks */ = {
			isa = PBXFrameworksBuildPhase;
			buildActionMask = 2147483647;
			files = (
			);
			runOnlyForDeploymentPostprocessing = 0;
		};
/* End PBXFrameworksBuildPhase section */

/* Begin PBXGroup section */
		D20B02571ABAC62300AD654C = {
			isa = PBXGroup;
			children = (
				D20B02621ABAC62400AD654C /* CustomScheme */,
				D20B02761ABAC62400AD654C /* CustomSchemeTests */,
				D20B02611ABAC62400AD654C /* Products */,
			);
			sourceTree = "<group>";
		};
		D20B02611ABAC62400AD654C /* Products */ = {
			isa = PBXGroup;
			children = (
				D20B02601ABAC62400AD654C /* CustomScheme.app */,
				D20B02731ABAC62400AD654C /* CustomSchemeTests.xctest */,
			);
			name = Products;
			sourceTree = "<group>";
		};
		D20B02621ABAC62400AD654C /* CustomScheme */ = {
			isa = PBXGroup;
			children = (
				D20B02651ABAC62400AD654C /* AppDelegate.h */,
				D20B02661ABAC62400AD654C /* AppDelegate.m */,
				D20B026A1ABAC62400AD654C /* Images.xcassets */,
				D20B026C1ABAC62400AD654C /* MainMenu.xib */,
				D20B02631ABAC62400AD654C /* Supporting Files */,
			);
			path = CustomScheme;
			sourceTree = "<group>";
		};
		D20B02631ABAC62400AD654C /* Supporting Files */ = {
			isa = PBXGroup;
			children = (
				D20B02641ABAC62400AD654C /* Info.plist */,
				D20B02681ABAC62400AD654C /* main.m */,
			);
			name = "Supporting Files";
			sourceTree = "<group>";
		};
		D20B02761ABAC62400AD654C /* CustomSchemeTests */ = {
			isa = PBXGroup;
			children = (
				D20B02791ABAC62400AD654C /* CustomSchemeTests.m */,
				D20B02771ABAC62400AD654C /* Supporting Files */,
			);
			path = CustomSchemeTests;
			sourceTree = "<group>";
		};
		D20B02771ABAC62400AD654C /* Supporting Files */ = {
			isa = PBXGroup;
			children = (
				D20B02781ABAC62400AD654C /* Info.plist */,
			);
			name = "Supporting Files";
			sourceTree = "<group>";
		};
/* End PBXGroup section */

/* Begin PBXNativeTarget section */
		D20B025F1ABAC62400AD654C /* CustomScheme */ = {
			isa = PBXNativeTarget;
			buildConfigurationList = D20B027D1ABAC62400AD654C /* Build configuration list for PBXNativeTarget "CustomScheme" */;
			buildPhases = (
				D20B025C1ABAC62400AD654C /* Sources */,
				D20B025D1ABAC62400AD654C /* Frameworks */,
				D20B025E1ABAC62400AD654C /* Resources */,
			);
			buildRules = (
			);
			dependencies = (
			);
			name = CustomScheme;
			productName = CustomScheme;
			productReference = D20B02601ABAC62400AD654C /* CustomScheme.app */;
			productType = "com.apple.product-type.application";
		};
		D20B02721ABAC62400AD654C /* CustomSchemeTests */ = {
			isa = PBXNativeTarget;
			buildConfigurationList = D20B02801ABAC62400AD654C /* Build configuration list for PBXNativeTarget "CustomSchemeTests" */;
			buildPhases = (
				D20B026F1ABAC62400AD654C /* Sources */,
				D20B02701ABAC62400AD654C /* Frameworks */,
				D20B02711ABAC62400AD654C /* Resources */,
			);
			buildRules = (
			);
			dependencies = (
				D20B02751ABAC62400AD654C /* PBXTargetDependency */,
			);
			name = CustomSchemeTests;
			productName = CustomSchemeTests;
			productReference = D20B02731ABAC62400AD654C /* CustomSchemeTests.xctest */;
			productType = "com.apple.product-type.bundle.unit-test";
		};
/* End PBXNativeTarget section */

/* Begin PBXProject section */
		D20B02581ABAC62300AD654C /* Project object */ = {
			isa = PBXProject;
			attributes = {
				LastUpgradeCheck = 0620;
				ORGANIZATIONNAME = isee15;
				TargetAttributes = {
					D20B025F1ABAC62400AD654C = {
						CreatedOnToolsVersion = 6.2;
					};
					D20B02721ABAC62400AD654C = {
						CreatedOnToolsVersion = 6.2;
						TestTargetID = D20B025F1ABAC62400AD654C;
					};
				};
			};
			buildConfigurationList = D20B025B1ABAC62400AD654C /* Build configuration list for PBXProject "CustomScheme" */;
			compatibilityVersion = "Xcode 3.2";
			developmentRegion = English;
			hasScannedForEncodings = 0;
			knownRegions = (
				en,
				Base,
			);
			mainGroup = D20B02571ABAC62300AD654C;
			productRefGroup = D20B02611ABAC62400AD654C /* Products */;
			projectDirPath = "";
			projectRoot = "";
			targets = (
				D20B025F1ABAC62400AD654C /* CustomScheme */,
				D20B02721ABAC62400AD654C /* CustomSchemeTests */,
			);
		};
/* End PBXProject section */

/* Begin PBXResourcesBuildPhase section */
		D20B025E1ABAC62400AD654C /* Resources */ = {
			isa = PBXResourcesBuildPhase;
			buildActionMask = 2147483647;
			files = (
				D20B026B1ABAC62400AD654C /* Images.xcassets in Resources */,
				D20B026E1ABAC62400AD654C /* MainMenu.xib in Resources */,
			);
			runOnlyForDeploymentPostprocessing = 0;
		};
		D20B02711ABAC62400AD654C /* Resources */ = {
			isa = PBXResourcesBuildPhase;
			buildActionMask = 2147483647;
			files = (
			);
			runOnlyForDeploymentPostprocessing = 0;
		};
/* End PBXResourcesBuildPhase section */

/* Begin PBXSourcesBuildPhase section */
		D20B025C1ABAC62400AD654C /* Sources */ = {
			isa = PBXSourcesBuildPhase;
			buildActionMask = 2147483647;
			files = (
				D20B02691ABAC62400AD654C /* main.m in Sources */,
				D20B02671ABAC62400AD654C /* AppDelegate.m in Sources */,
			);
			runOnlyForDeploymentPostprocessing = 0;
		};
		D20B026F1ABAC62400AD654C /* Sources */ = {
			isa = PBXSourcesBuildPhase;
			buildActionMask = 2147483647;
			files = (
				D20B027A1ABAC62400AD654C /* CustomSchemeTests.m in Sources */,
			);
			runOnlyForDeploymentPostprocessing = 0;
		};
/* End PBXSourcesBuildPhase section */

/* Begin PBXTargetDependency section */
		D20B02751ABAC62400AD654C /* PBXTargetDependency */ = {
			isa = PBXTargetDependency;
			target = D20B025F1ABAC62400AD654C /* CustomScheme */;
			targetProxy = D20B02741ABAC62400AD654C /* PBXContainerItemProxy */;
		};
/* End PBXTargetDependency section */

/* Begin PBXVariantGroup section */
		D20B026C1ABAC62400AD654C /* MainMenu.xib */ = {
			isa = PBXVariantGroup;
			children = (
				D20B026D1ABAC62400AD654C /* Base */,
			);
			name = MainMenu.xib;
			sourceTree = "<group>";
		};
/* End PBXVariantGroup section */

/* Begin XCBuildConfiguration section */
		D20B027B1ABAC62400AD654C /* Debug */ = {
			isa = XCBuildConfiguration;
			buildSettings = {
				ALWAYS_SEARCH_USER_PATHS = NO;
				CLANG_CXX_LANGUAGE_STANDARD = "gnu++0x";
				CLANG_CXX_LIBRARY = "libc++";
				CLANG_ENABLE_MODULES = YES;
				CLANG_ENABLE_OBJC_ARC = YES;
				CLANG_WARN_BOOL_CONVERSION = YES;
				CLANG_WARN_CONSTANT_CONVERSION = YES;
				CLANG_WARN_DIRECT_OBJC_ISA_USAGE = YES_ERROR;
				CLANG_WARN_EMPTY_BODY = YES;
				CLANG_WARN_ENUM_CONVERSION = YES;
				CLANG_WARN_INT_CONVERSION = YES;
				CLANG_WARN_OBJC_ROOT_CLASS = YES_ERROR;
				CLANG_WARN_UNREACHABLE_CODE = YES;
				CLANG_WARN__DUPLICATE_METHOD_MATCH = YES;
				CODE_SIGN_IDENTITY = "-";
				COPY_PHASE_STRIP = NO;
				ENABLE_STRICT_OBJC_MSGSEND = YES;
				GCC_C_LANGUAGE_STANDARD = gnu99;
				GCC_DYNAMIC_NO_PIC = NO;
				GCC_OPTIMIZATION_LEVEL = 0;
				GCC_PREPROCESSOR_DEFINITIONS = (
					"DEBUG=1",
					"$(inherited)",
				);
				GCC_SYMBOLS_PRIVATE_EXTERN = NO;
				GCC_WARN_64_TO_32_BIT_CONVERSION = YES;
				GCC_WARN_ABOUT_RETURN_TYPE = YES_ERROR;
				GCC_WARN_UNDECLARED_SELECTOR = YES;
				GCC_WARN_UNINITIALIZED_AUTOS = YES_AGGRESSIVE;
				GCC_WARN_UNUSED_FUNCTION = YES;
				GCC_WARN_UNUSED_VARIABLE = YES;
				MACOSX_DEPLOYMENT_TARGET = 10.10;
				MTL_ENABLE_DEBUG_INFO = YES;
				ONLY_ACTIVE_ARCH = YES;
				SDKROOT = macosx;
			};
			name = Debug;
		};
		D20B027C1ABAC62400AD654C /* Release */ = {
			isa = XCBuildConfiguration;
			buildSettings = {
				ALWAYS_SEARCH_USER_PATHS = NO;
				CLANG_CXX_LANGUAGE_STANDARD = "gnu++0x";
				CLANG_CXX_LIBRARY = "libc++";
				CLANG_ENABLE_MODULES = YES;
				CLANG_ENABLE_OBJC_ARC = YES;
				CLANG_WARN_BOOL_CONVERSION = YES;
				CLANG_WARN_CONSTANT_CONVERSION = YES;
				CLANG_WARN_DIRECT_OBJC_ISA_USAGE = YES_ERROR;
				CLANG_WARN_EMPTY_BODY = YES;
				CLANG_WARN_ENUM_CONVERSION = YES;
				CLANG_WARN_INT_CONVERSION = YES;
				CLANG_WARN_OBJC_ROOT_CLASS = YES_ERROR;
				CLANG_WARN_UNREACHABLE_CODE = YES;
				CLANG_WARN__DUPLICATE_METHOD_MATCH = YES;
				CODE_SIGN_IDENTITY = "-";
				COPY_PHASE_STRIP = NO;
				DEBUG_INFORMATION_FORMAT = "dwarf-with-dsym";
				ENABLE_NS_ASSERTIONS = NO;
				ENABLE_STRICT_OBJC_MSGSEND = YES;
				GCC_C_LANGUAGE_STANDARD = gnu99;
				GCC_WARN_64_TO_32_BIT_CONVERSION = YES;
				GCC_WARN_ABOUT_RETURN_TYPE = YES_ERROR;
				GCC_WARN_UNDECLARED_SELECTOR = YES;
				GCC_WARN_UNINITIALIZED_AUTOS = YES_AGGRESSIVE;
				GCC_WARN_UNUSED_FUNCTION = YES;
				GCC_WARN_UNUSED_VARIABLE = YES;
				MACOSX_DEPLOYMENT_TARGET = 10.10;
				MTL_ENABLE_DEBUG_INFO = NO;
				SDKROOT = macosx;
			};
			name = Release;
		};
		D20B027E1ABAC62400AD654C /* Debug */ = {
			isa = XCBuildConfiguration;
			buildSettings = {
				ASSETCATALOG_COMPILER_APPICON_NAME = AppIcon;
				COMBINE_HIDPI_IMAGES = YES;
				INFOPLIST_FILE = CustomScheme/Info.plist;
				LD_RUNPATH_SEARCH_PATHS = "$(inherited) @executable_path/../Frameworks";
				PRODUCT_NAME = "$(TARGET_NAME)";
			};
			name = Debug;
		};
		D20B027F1ABAC62400AD654C /* Release */ = {
			isa = XCBuildConfiguration;
			buildSettings = {
				ASSETCATALOG_COMPILER_APPICON_NAME = AppIcon;
				COMBINE_HIDPI_IMAGES = YES;
				INFOPLIST_FILE = CustomScheme/Info.plist;
				LD_RUNPATH_SEARCH_PATHS = "$(inherited) @executable_path/../Frameworks";
				PRODUCT_NAME = "$(TARGET_NAME)";
			};
			name = Release;
		};
		D20B02811ABAC62400AD654C /* Debug */ = {
			isa = XCBuildConfiguration;
			buildSettings = {
				BUNDLE_LOADER = "$(TEST_HOST)";
				COMBINE_HIDPI_IMAGES = YES;
				FRAMEWORK_SEARCH_PATHS = (
					"$(DEVELOPER_FRAMEWORKS_DIR)",
					"$(inherited)",
				);
				GCC_PREPROCESSOR_DEFINITIONS = (
					"DEBUG=1",
					"$(inherited)",
				);
				INFOPLIST_FILE = CustomSchemeTests/Info.plist;
				LD_RUNPATH_SEARCH_PATHS = "$(inherited) @executable_path/../Frameworks @loader_path/../Frameworks";
				PRODUCT_NAME = "$(TARGET_NAME)";
				TEST_HOST = "$(BUILT_PRODUCTS_DIR)/CustomScheme.app/Contents/MacOS/CustomScheme";
			};
			name = Debug;
		};
		D20B02821ABAC62400AD654C /* Release */ = {
			isa = XCBuildConfiguration;
			buildSettings = {
				BUNDLE_LOADER = "$(TEST_HOST)";
				COMBINE_HIDPI_IMAGES = YES;
				FRAMEWORK_SEARCH_PATHS = (
					"$(DEVELOPER_FRAMEWORKS_DIR)",
					"$(inherited)",
				);
				INFOPLIST_FILE = CustomSchemeTests/Info.plist;
				LD_RUNPATH_SEARCH_PATHS = "$(inherited) @executable_path/../Frameworks @loader_path/../Frameworks";
				PRODUCT_NAME = "$(TARGET_NAME)";
				TEST_HOST = "$(BUILT_PRODUCTS_DIR)/CustomScheme.app/Contents/MacOS/CustomScheme";
			};
			name = Release;
		};
/* End XCBuildConfiguration section */

/* Begin XCConfigurationList section */
		D20B025B1ABAC62400AD654C /* Build configuration list for PBXProject "CustomScheme" */ = {
			isa = XCConfigurationList;
			buildConfigurations = (
				D20B027B1ABAC62400AD654C /* Debug */,
				D20B027C1ABAC62400AD654C /* Release */,
			);
			defaultConfigurationIsVisible = 0;
			defaultConfigurationName = Release;
		};
		D20B027D1ABAC62400AD654C /* Build configuration list for PBXNativeTarget "CustomScheme" */ = {
			isa = XCConfigurationList;
			buildConfigurations = (
				D20B027E1ABAC62400AD654C /* Debug */,
				D20B027F1ABAC62400AD654C /* Release */,
			);
			defaultConfigurationIsVisible = 0;
		};
		D20B02801ABAC62400AD654C /* Build configuration list for PBXNativeTarget "CustomSchemeTests" */ = {
			isa = XCConfigurationList;
			buildConfigurations = (
				D20B02811ABAC62400AD654C /* Debug */,
				D20B02821ABAC62400AD654C /* Release */,
			);
			defaultConfigurationIsVisible = 0;
		};
/* End XCConfigurationList section */
	};
	rootObject = D20B02581ABAC62300AD654C /* Project object */;
}
